
Microsoft Visual Studio Solution File, Format Version 12.00
# Visual Studio Version 17
VisualStudioVersion = 17.5.33502.453
MinimumVisualStudioVersion = 10.0.40219.1
Project("{9A19103F-16F7-4668-BE54-9A1E7A4F7556}") = "prjMusicBetter", "WebApplication1\prjMusicBetter.csproj", "{4504209F-DD3D-4DF1-B70A-3843D50BDBEE}"
EndProject
Global
	GlobalSection(SolutionConfigurationPlatforms) = preSolution
		Debug|Any CPU = Debug|Any CPU
		Release|Any CPU = Release|Any CPU
	EndGlobalSection
	GlobalSection(ProjectConfigurationPlatforms) = postSolution
		{4504209F-DD3D-4DF1-B70A-3843D50BDBEE}.Debug|Any CPU.ActiveCfg = Debug|Any CPU
		{4504209F-DD3D-4DF1-B70A-3843D50BDBEE}.Debug|Any CPU.Build.0 = Debug|Any CPU
		{4504209F-DD3D-4DF1-B70A-3843D50BDBEE}.Release|Any CPU.ActiveCfg = Release|Any CPU
		{4504209F-DD3D-4DF1-B70A-3843D50BDBEE}.Release|Any CPU.Build.0 = Release|Any CPU
	EndGlobalSection
	GlobalSection(SolutionProperties) = preSolution
		HideSolutionNode = FALSE
	EndGlobalSection
	GlobalSection(ExtensibilityGlobals) = postSolution
		SolutionGuid = {C649A0CB-F18F-4131-A531-F3B752503059}
	EndGlobalSection
EndGlobal
